
Microsoft Visual Studio Solution File, Format Version 12.00
# Visual Studio 15
VisualStudioVersion = 15.0.26124.0
MinimumVisualStudioVersion = 15.0.26124.0
Project("{2150E333-8FDC-42A3-9474-1A3956D46DE8}") = "MessagingCourse", "MessagingCourse", "{3C48F730-5123-4461-895C-2D74AC0D2801}"
EndProject
Project("{2150E333-8FDC-42A3-9474-1A3956D46DE8}") = "HelloWorld", "HelloWorld", "{519F24CA-432C-48C9-8A5C-6957479FEC31}"
EndProject
Project("{FAE04EC0-301F-11D3-BF4B-00C04F79EFBC}") = "Sender", "MessagingCourse\HelloWorld\Sender\Sender.csproj", "{756A206B-9BB2-4454-BFCE-FC874DDD1436}"
EndProject
Project("{FAE04EC0-301F-11D3-BF4B-00C04F79EFBC}") = "Receiver", "MessagingCourse\HelloWorld\Receiver\Receiver.csproj", "{248F906B-FE62-489D-A7F6-5FB89D8CCDB4}"
EndProject
Project("{2150E333-8FDC-42A3-9474-1A3956D46DE8}") = "WorkQueues", "WorkQueues", "{BF1FAE9F-F178-42F7-9342-3720F5E653DF}"
EndProject
Project("{FAE04EC0-301F-11D3-BF4B-00C04F79EFBC}") = "Sender", "MessagingCourse\WorkQueues\Sender\Sender.csproj", "{8594D18D-46BE-4930-8D02-AF4E8F81D335}"
EndProject
Project("{FAE04EC0-301F-11D3-BF4B-00C04F79EFBC}") = "Receiver", "MessagingCourse\WorkQueues\Receiver\Receiver.csproj", "{3AF30657-4E30-42F9-BBF0-F830A9F6227F}"
EndProject
Global
	GlobalSection(SolutionConfigurationPlatforms) = preSolution
		Debug|Any CPU = Debug|Any CPU
		Debug|x64 = Debug|x64
		Debug|x86 = Debug|x86
		Release|Any CPU = Release|Any CPU
		Release|x64 = Release|x64
		Release|x86 = Release|x86
	EndGlobalSection
	GlobalSection(SolutionProperties) = preSolution
		HideSolutionNode = FALSE
	EndGlobalSection
	GlobalSection(ProjectConfigurationPlatforms) = postSolution
		{756A206B-9BB2-4454-BFCE-FC874DDD1436}.Debug|Any CPU.ActiveCfg = Debug|Any CPU
		{756A206B-9BB2-4454-BFCE-FC874DDD1436}.Debug|Any CPU.Build.0 = Debug|Any CPU
		{756A206B-9BB2-4454-BFCE-FC874DDD1436}.Debug|x64.ActiveCfg = Debug|Any CPU
		{756A206B-9BB2-4454-BFCE-FC874DDD1436}.Debug|x64.Build.0 = Debug|Any CPU
		{756A206B-9BB2-4454-BFCE-FC874DDD1436}.Debug|x86.ActiveCfg = Debug|Any CPU
		{756A206B-9BB2-4454-BFCE-FC874DDD1436}.Debug|x86.Build.0 = Debug|Any CPU
		{756A206B-9BB2-4454-BFCE-FC874DDD1436}.Release|Any CPU.ActiveCfg = Release|Any CPU
		{756A206B-9BB2-4454-BFCE-FC874DDD1436}.Release|Any CPU.Build.0 = Release|Any CPU
		{756A206B-9BB2-4454-BFCE-FC874DDD1436}.Release|x64.ActiveCfg = Release|Any CPU
		{756A206B-9BB2-4454-BFCE-FC874DDD1436}.Release|x64.Build.0 = Release|Any CPU
		{756A206B-9BB2-4454-BFCE-FC874DDD1436}.Release|x86.ActiveCfg = Release|Any CPU
		{756A206B-9BB2-4454-BFCE-FC874DDD1436}.Release|x86.Build.0 = Release|Any CPU
		{248F906B-FE62-489D-A7F6-5FB89D8CCDB4}.Debug|Any CPU.ActiveCfg = Debug|Any CPU
		{248F906B-FE62-489D-A7F6-5FB89D8CCDB4}.Debug|Any CPU.Build.0 = Debug|Any CPU
		{248F906B-FE62-489D-A7F6-5FB89D8CCDB4}.Debug|x64.ActiveCfg = Debug|Any CPU
		{248F906B-FE62-489D-A7F6-5FB89D8CCDB4}.Debug|x64.Build.0 = Debug|Any CPU
		{248F906B-FE62-489D-A7F6-5FB89D8CCDB4}.Debug|x86.ActiveCfg = Debug|Any CPU
		{248F906B-FE62-489D-A7F6-5FB89D8CCDB4}.Debug|x86.Build.0 = Debug|Any CPU
		{248F906B-FE62-489D-A7F6-5FB89D8CCDB4}.Release|Any CPU.ActiveCfg = Release|Any CPU
		{248F906B-FE62-489D-A7F6-5FB89D8CCDB4}.Release|Any CPU.Build.0 = Release|Any CPU
		{248F906B-FE62-489D-A7F6-5FB89D8CCDB4}.Release|x64.ActiveCfg = Release|Any CPU
		{248F906B-FE62-489D-A7F6-5FB89D8CCDB4}.Release|x64.Build.0 = Release|Any CPU
		{248F906B-FE62-489D-A7F6-5FB89D8CCDB4}.Release|x86.ActiveCfg = Release|Any CPU
		{248F906B-FE62-489D-A7F6-5FB89D8CCDB4}.Release|x86.Build.0 = Release|Any CPU
		{8594D18D-46BE-4930-8D02-AF4E8F81D335}.Debug|Any CPU.ActiveCfg = Debug|Any CPU
		{8594D18D-46BE-4930-8D02-AF4E8F81D335}.Debug|Any CPU.Build.0 = Debug|Any CPU
		{8594D18D-46BE-4930-8D02-AF4E8F81D335}.Debug|x64.ActiveCfg = Debug|Any CPU
		{8594D18D-46BE-4930-8D02-AF4E8F81D335}.Debug|x64.Build.0 = Debug|Any CPU
		{8594D18D-46BE-4930-8D02-AF4E8F81D335}.Debug|x86.ActiveCfg = Debug|Any CPU
		{8594D18D-46BE-4930-8D02-AF4E8F81D335}.Debug|x86.Build.0 = Debug|Any CPU
		{8594D18D-46BE-4930-8D02-AF4E8F81D335}.Release|Any CPU.ActiveCfg = Release|Any CPU
		{8594D18D-46BE-4930-8D02-AF4E8F81D335}.Release|Any CPU.Build.0 = Release|Any CPU
		{8594D18D-46BE-4930-8D02-AF4E8F81D335}.Release|x64.ActiveCfg = Release|Any CPU
		{8594D18D-46BE-4930-8D02-AF4E8F81D335}.Release|x64.Build.0 = Release|Any CPU
		{8594D18D-46BE-4930-8D02-AF4E8F81D335}.Release|x86.ActiveCfg = Release|Any CPU
		{8594D18D-46BE-4930-8D02-AF4E8F81D335}.Release|x86.Build.0 = Release|Any CPU
		{3AF30657-4E30-42F9-BBF0-F830A9F6227F}.Debug|Any CPU.ActiveCfg = Debug|Any CPU
		{3AF30657-4E30-42F9-BBF0-F830A9F6227F}.Debug|Any CPU.Build.0 = Debug|Any CPU
		{3AF30657-4E30-42F9-BBF0-F830A9F6227F}.Debug|x64.ActiveCfg = Debug|Any CPU
		{3AF30657-4E30-42F9-BBF0-F830A9F6227F}.Debug|x64.Build.0 = Debug|Any CPU
		{3AF30657-4E30-42F9-BBF0-F830A9F6227F}.Debug|x86.ActiveCfg = Debug|Any CPU
		{3AF30657-4E30-42F9-BBF0-F830A9F6227F}.Debug|x86.Build.0 = Debug|Any CPU
		{3AF30657-4E30-42F9-BBF0-F830A9F6227F}.Release|Any CPU.ActiveCfg = Release|Any CPU
		{3AF30657-4E30-42F9-BBF0-F830A9F6227F}.Release|Any CPU.Build.0 = Release|Any CPU
		{3AF30657-4E30-42F9-BBF0-F830A9F6227F}.Release|x64.ActiveCfg = Release|Any CPU
		{3AF30657-4E30-42F9-BBF0-F830A9F6227F}.Release|x64.Build.0 = Release|Any CPU
		{3AF30657-4E30-42F9-BBF0-F830A9F6227F}.Release|x86.ActiveCfg = Release|Any CPU
		{3AF30657-4E30-42F9-BBF0-F830A9F6227F}.Release|x86.Build.0 = Release|Any CPU
	EndGlobalSection
	GlobalSection(NestedProjects) = preSolution
		{519F24CA-432C-48C9-8A5C-6957479FEC31} = {3C48F730-5123-4461-895C-2D74AC0D2801}
		{756A206B-9BB2-4454-BFCE-FC874DDD1436} = {519F24CA-432C-48C9-8A5C-6957479FEC31}
		{248F906B-FE62-489D-A7F6-5FB89D8CCDB4} = {519F24CA-432C-48C9-8A5C-6957479FEC31}
		{BF1FAE9F-F178-42F7-9342-3720F5E653DF} = {3C48F730-5123-4461-895C-2D74AC0D2801}
		{8594D18D-46BE-4930-8D02-AF4E8F81D335} = {BF1FAE9F-F178-42F7-9342-3720F5E653DF}
		{3AF30657-4E30-42F9-BBF0-F830A9F6227F} = {BF1FAE9F-F178-42F7-9342-3720F5E653DF}
	EndGlobalSection
EndGlobal
