
Microsoft Visual Studio Solution File, Format Version 12.00
# Visual Studio Version 16
VisualStudioVersion = 16.0.30717.126
MinimumVisualStudioVersion = 15.0.26124.0
Project("{2150E333-8FDC-42A3-9474-1A3956D46DE8}") = "MessagingCourse", "MessagingCourse", "{3C48F730-5123-4461-895C-2D74AC0D2801}"
EndProject
Project("{2150E333-8FDC-42A3-9474-1A3956D46DE8}") = "HelloWorld", "HelloWorld", "{519F24CA-432C-48C9-8A5C-6957479FEC31}"
EndProject
Project("{9A19103F-16F7-4668-BE54-9A1E7A4F7556}") = "Sender", "MessagingCourse\HelloWorld\Sender\Sender.csproj", "{756A206B-9BB2-4454-BFCE-FC874DDD1436}"
EndProject
Project("{9A19103F-16F7-4668-BE54-9A1E7A4F7556}") = "Receiver", "MessagingCourse\HelloWorld\Receiver\Receiver.csproj", "{248F906B-FE62-489D-A7F6-5FB89D8CCDB4}"
EndProject
Project("{2150E333-8FDC-42A3-9474-1A3956D46DE8}") = "WorkQueues", "WorkQueues", "{BF1FAE9F-F178-42F7-9342-3720F5E653DF}"
EndProject
Project("{9A19103F-16F7-4668-BE54-9A1E7A4F7556}") = "Sender", "MessagingCourse\WorkQueues\Sender\Sender.csproj", "{8594D18D-46BE-4930-8D02-AF4E8F81D335}"
EndProject
Project("{9A19103F-16F7-4668-BE54-9A1E7A4F7556}") = "Receiver", "MessagingCourse\WorkQueues\Receiver\Receiver.csproj", "{3AF30657-4E30-42F9-BBF0-F830A9F6227F}"
EndProject
Project("{2150E333-8FDC-42A3-9474-1A3956D46DE8}") = "PublishSubscribe", "PublishSubscribe", "{DE91E7E3-92AC-466A-83B7-58D101EC73E0}"
EndProject
Project("{9A19103F-16F7-4668-BE54-9A1E7A4F7556}") = "Publisher", "MessagingCourse\PublishSubscribe\Publisher\Publisher.csproj", "{4DAA8E85-61C9-4008-8B97-020098AE9EB9}"
EndProject
Project("{9A19103F-16F7-4668-BE54-9A1E7A4F7556}") = "Subscriber", "MessagingCourse\PublishSubscribe\Subscriber\Subscriber.csproj", "{5DC77C90-50B7-4B23-8E05-44FFD3143F5D}"
EndProject
Project("{2150E333-8FDC-42A3-9474-1A3956D46DE8}") = "EventGrid", "EventGrid", "{13C674E1-6589-44F5-8E87-F4F326E574B0}"
EndProject
Project("{2150E333-8FDC-42A3-9474-1A3956D46DE8}") = "EventGridViewer", "EventGridViewer", "{9620E2D5-5F93-42FC-B52A-69A248541AE8}"
EndProject
Project("{9A19103F-16F7-4668-BE54-9A1E7A4F7556}") = "viewer", "Azure_Event_Grid_Viewer\viewer\viewer.csproj", "{CF544220-8CF7-4652-A73B-3926E8FE988E}"
EndProject
Project("{2150E333-8FDC-42A3-9474-1A3956D46DE8}") = "EventGridPublisher", "EventGridPublisher", "{BEE0BCDA-0614-401D-B012-A0E97B3E86FF}"
EndProject
Project("{9A19103F-16F7-4668-BE54-9A1E7A4F7556}") = "EventGridPublisher", "MessagingCourse\PublishEventGrid\EventGridPublisher.csproj", "{A9B0DADC-3930-4740-AEA1-DAB24311B626}"
EndProject
Global
	GlobalSection(SolutionConfigurationPlatforms) = preSolution
		Debug|Any CPU = Debug|Any CPU
		Debug|x64 = Debug|x64
		Debug|x86 = Debug|x86
		Release|Any CPU = Release|Any CPU
		Release|x64 = Release|x64
		Release|x86 = Release|x86
	EndGlobalSection
	GlobalSection(ProjectConfigurationPlatforms) = postSolution
		{756A206B-9BB2-4454-BFCE-FC874DDD1436}.Debug|Any CPU.ActiveCfg = Debug|Any CPU
		{756A206B-9BB2-4454-BFCE-FC874DDD1436}.Debug|Any CPU.Build.0 = Debug|Any CPU
		{756A206B-9BB2-4454-BFCE-FC874DDD1436}.Debug|x64.ActiveCfg = Debug|Any CPU
		{756A206B-9BB2-4454-BFCE-FC874DDD1436}.Debug|x64.Build.0 = Debug|Any CPU
		{756A206B-9BB2-4454-BFCE-FC874DDD1436}.Debug|x86.ActiveCfg = Debug|Any CPU
		{756A206B-9BB2-4454-BFCE-FC874DDD1436}.Debug|x86.Build.0 = Debug|Any CPU
		{756A206B-9BB2-4454-BFCE-FC874DDD1436}.Release|Any CPU.ActiveCfg = Release|Any CPU
		{756A206B-9BB2-4454-BFCE-FC874DDD1436}.Release|Any CPU.Build.0 = Release|Any CPU
		{756A206B-9BB2-4454-BFCE-FC874DDD1436}.Release|x64.ActiveCfg = Release|Any CPU
		{756A206B-9BB2-4454-BFCE-FC874DDD1436}.Release|x64.Build.0 = Release|Any CPU
		{756A206B-9BB2-4454-BFCE-FC874DDD1436}.Release|x86.ActiveCfg = Release|Any CPU
		{756A206B-9BB2-4454-BFCE-FC874DDD1436}.Release|x86.Build.0 = Release|Any CPU
		{248F906B-FE62-489D-A7F6-5FB89D8CCDB4}.Debug|Any CPU.ActiveCfg = Debug|Any CPU
		{248F906B-FE62-489D-A7F6-5FB89D8CCDB4}.Debug|Any CPU.Build.0 = Debug|Any CPU
		{248F906B-FE62-489D-A7F6-5FB89D8CCDB4}.Debug|x64.ActiveCfg = Debug|Any CPU
		{248F906B-FE62-489D-A7F6-5FB89D8CCDB4}.Debug|x64.Build.0 = Debug|Any CPU
		{248F906B-FE62-489D-A7F6-5FB89D8CCDB4}.Debug|x86.ActiveCfg = Debug|Any CPU
		{248F906B-FE62-489D-A7F6-5FB89D8CCDB4}.Debug|x86.Build.0 = Debug|Any CPU
		{248F906B-FE62-489D-A7F6-5FB89D8CCDB4}.Release|Any CPU.ActiveCfg = Release|Any CPU
		{248F906B-FE62-489D-A7F6-5FB89D8CCDB4}.Release|Any CPU.Build.0 = Release|Any CPU
		{248F906B-FE62-489D-A7F6-5FB89D8CCDB4}.Release|x64.ActiveCfg = Release|Any CPU
		{248F906B-FE62-489D-A7F6-5FB89D8CCDB4}.Release|x64.Build.0 = Release|Any CPU
		{248F906B-FE62-489D-A7F6-5FB89D8CCDB4}.Release|x86.ActiveCfg = Release|Any CPU
		{248F906B-FE62-489D-A7F6-5FB89D8CCDB4}.Release|x86.Build.0 = Release|Any CPU
		{8594D18D-46BE-4930-8D02-AF4E8F81D335}.Debug|Any CPU.ActiveCfg = Debug|Any CPU
		{8594D18D-46BE-4930-8D02-AF4E8F81D335}.Debug|Any CPU.Build.0 = Debug|Any CPU
		{8594D18D-46BE-4930-8D02-AF4E8F81D335}.Debug|x64.ActiveCfg = Debug|Any CPU
		{8594D18D-46BE-4930-8D02-AF4E8F81D335}.Debug|x64.Build.0 = Debug|Any CPU
		{8594D18D-46BE-4930-8D02-AF4E8F81D335}.Debug|x86.ActiveCfg = Debug|Any CPU
		{8594D18D-46BE-4930-8D02-AF4E8F81D335}.Debug|x86.Build.0 = Debug|Any CPU
		{8594D18D-46BE-4930-8D02-AF4E8F81D335}.Release|Any CPU.ActiveCfg = Release|Any CPU
		{8594D18D-46BE-4930-8D02-AF4E8F81D335}.Release|Any CPU.Build.0 = Release|Any CPU
		{8594D18D-46BE-4930-8D02-AF4E8F81D335}.Release|x64.ActiveCfg = Release|Any CPU
		{8594D18D-46BE-4930-8D02-AF4E8F81D335}.Release|x64.Build.0 = Release|Any CPU
		{8594D18D-46BE-4930-8D02-AF4E8F81D335}.Release|x86.ActiveCfg = Release|Any CPU
		{8594D18D-46BE-4930-8D02-AF4E8F81D335}.Release|x86.Build.0 = Release|Any CPU
		{3AF30657-4E30-42F9-BBF0-F830A9F6227F}.Debug|Any CPU.ActiveCfg = Debug|Any CPU
		{3AF30657-4E30-42F9-BBF0-F830A9F6227F}.Debug|Any CPU.Build.0 = Debug|Any CPU
		{3AF30657-4E30-42F9-BBF0-F830A9F6227F}.Debug|x64.ActiveCfg = Debug|Any CPU
		{3AF30657-4E30-42F9-BBF0-F830A9F6227F}.Debug|x64.Build.0 = Debug|Any CPU
		{3AF30657-4E30-42F9-BBF0-F830A9F6227F}.Debug|x86.ActiveCfg = Debug|Any CPU
		{3AF30657-4E30-42F9-BBF0-F830A9F6227F}.Debug|x86.Build.0 = Debug|Any CPU
		{3AF30657-4E30-42F9-BBF0-F830A9F6227F}.Release|Any CPU.ActiveCfg = Release|Any CPU
		{3AF30657-4E30-42F9-BBF0-F830A9F6227F}.Release|Any CPU.Build.0 = Release|Any CPU
		{3AF30657-4E30-42F9-BBF0-F830A9F6227F}.Release|x64.ActiveCfg = Release|Any CPU
		{3AF30657-4E30-42F9-BBF0-F830A9F6227F}.Release|x64.Build.0 = Release|Any CPU
		{3AF30657-4E30-42F9-BBF0-F830A9F6227F}.Release|x86.ActiveCfg = Release|Any CPU
		{3AF30657-4E30-42F9-BBF0-F830A9F6227F}.Release|x86.Build.0 = Release|Any CPU
		{4DAA8E85-61C9-4008-8B97-020098AE9EB9}.Debug|Any CPU.ActiveCfg = Debug|Any CPU
		{4DAA8E85-61C9-4008-8B97-020098AE9EB9}.Debug|Any CPU.Build.0 = Debug|Any CPU
		{4DAA8E85-61C9-4008-8B97-020098AE9EB9}.Debug|x64.ActiveCfg = Debug|Any CPU
		{4DAA8E85-61C9-4008-8B97-020098AE9EB9}.Debug|x64.Build.0 = Debug|Any CPU
		{4DAA8E85-61C9-4008-8B97-020098AE9EB9}.Debug|x86.ActiveCfg = Debug|Any CPU
		{4DAA8E85-61C9-4008-8B97-020098AE9EB9}.Debug|x86.Build.0 = Debug|Any CPU
		{4DAA8E85-61C9-4008-8B97-020098AE9EB9}.Release|Any CPU.ActiveCfg = Release|Any CPU
		{4DAA8E85-61C9-4008-8B97-020098AE9EB9}.Release|Any CPU.Build.0 = Release|Any CPU
		{4DAA8E85-61C9-4008-8B97-020098AE9EB9}.Release|x64.ActiveCfg = Release|Any CPU
		{4DAA8E85-61C9-4008-8B97-020098AE9EB9}.Release|x64.Build.0 = Release|Any CPU
		{4DAA8E85-61C9-4008-8B97-020098AE9EB9}.Release|x86.ActiveCfg = Release|Any CPU
		{4DAA8E85-61C9-4008-8B97-020098AE9EB9}.Release|x86.Build.0 = Release|Any CPU
		{5DC77C90-50B7-4B23-8E05-44FFD3143F5D}.Debug|Any CPU.ActiveCfg = Debug|Any CPU
		{5DC77C90-50B7-4B23-8E05-44FFD3143F5D}.Debug|Any CPU.Build.0 = Debug|Any CPU
		{5DC77C90-50B7-4B23-8E05-44FFD3143F5D}.Debug|x64.ActiveCfg = Debug|Any CPU
		{5DC77C90-50B7-4B23-8E05-44FFD3143F5D}.Debug|x64.Build.0 = Debug|Any CPU
		{5DC77C90-50B7-4B23-8E05-44FFD3143F5D}.Debug|x86.ActiveCfg = Debug|Any CPU
		{5DC77C90-50B7-4B23-8E05-44FFD3143F5D}.Debug|x86.Build.0 = Debug|Any CPU
		{5DC77C90-50B7-4B23-8E05-44FFD3143F5D}.Release|Any CPU.ActiveCfg = Release|Any CPU
		{5DC77C90-50B7-4B23-8E05-44FFD3143F5D}.Release|Any CPU.Build.0 = Release|Any CPU
		{5DC77C90-50B7-4B23-8E05-44FFD3143F5D}.Release|x64.ActiveCfg = Release|Any CPU
		{5DC77C90-50B7-4B23-8E05-44FFD3143F5D}.Release|x64.Build.0 = Release|Any CPU
		{5DC77C90-50B7-4B23-8E05-44FFD3143F5D}.Release|x86.ActiveCfg = Release|Any CPU
		{5DC77C90-50B7-4B23-8E05-44FFD3143F5D}.Release|x86.Build.0 = Release|Any CPU
		{CF544220-8CF7-4652-A73B-3926E8FE988E}.Debug|Any CPU.ActiveCfg = Debug|Any CPU
		{CF544220-8CF7-4652-A73B-3926E8FE988E}.Debug|Any CPU.Build.0 = Debug|Any CPU
		{CF544220-8CF7-4652-A73B-3926E8FE988E}.Debug|x64.ActiveCfg = Debug|Any CPU
		{CF544220-8CF7-4652-A73B-3926E8FE988E}.Debug|x64.Build.0 = Debug|Any CPU
		{CF544220-8CF7-4652-A73B-3926E8FE988E}.Debug|x86.ActiveCfg = Debug|Any CPU
		{CF544220-8CF7-4652-A73B-3926E8FE988E}.Debug|x86.Build.0 = Debug|Any CPU
		{CF544220-8CF7-4652-A73B-3926E8FE988E}.Release|Any CPU.ActiveCfg = Release|Any CPU
		{CF544220-8CF7-4652-A73B-3926E8FE988E}.Release|Any CPU.Build.0 = Release|Any CPU
		{CF544220-8CF7-4652-A73B-3926E8FE988E}.Release|x64.ActiveCfg = Release|Any CPU
		{CF544220-8CF7-4652-A73B-3926E8FE988E}.Release|x64.Build.0 = Release|Any CPU
		{CF544220-8CF7-4652-A73B-3926E8FE988E}.Release|x86.ActiveCfg = Release|Any CPU
		{CF544220-8CF7-4652-A73B-3926E8FE988E}.Release|x86.Build.0 = Release|Any CPU
		{A9B0DADC-3930-4740-AEA1-DAB24311B626}.Debug|Any CPU.ActiveCfg = Debug|Any CPU
		{A9B0DADC-3930-4740-AEA1-DAB24311B626}.Debug|Any CPU.Build.0 = Debug|Any CPU
		{A9B0DADC-3930-4740-AEA1-DAB24311B626}.Debug|x64.ActiveCfg = Debug|Any CPU
		{A9B0DADC-3930-4740-AEA1-DAB24311B626}.Debug|x64.Build.0 = Debug|Any CPU
		{A9B0DADC-3930-4740-AEA1-DAB24311B626}.Debug|x86.ActiveCfg = Debug|Any CPU
		{A9B0DADC-3930-4740-AEA1-DAB24311B626}.Debug|x86.Build.0 = Debug|Any CPU
		{A9B0DADC-3930-4740-AEA1-DAB24311B626}.Release|Any CPU.ActiveCfg = Release|Any CPU
		{A9B0DADC-3930-4740-AEA1-DAB24311B626}.Release|Any CPU.Build.0 = Release|Any CPU
		{A9B0DADC-3930-4740-AEA1-DAB24311B626}.Release|x64.ActiveCfg = Release|Any CPU
		{A9B0DADC-3930-4740-AEA1-DAB24311B626}.Release|x64.Build.0 = Release|Any CPU
		{A9B0DADC-3930-4740-AEA1-DAB24311B626}.Release|x86.ActiveCfg = Release|Any CPU
		{A9B0DADC-3930-4740-AEA1-DAB24311B626}.Release|x86.Build.0 = Release|Any CPU
	EndGlobalSection
	GlobalSection(SolutionProperties) = preSolution
		HideSolutionNode = FALSE
	EndGlobalSection
	GlobalSection(NestedProjects) = preSolution
		{519F24CA-432C-48C9-8A5C-6957479FEC31} = {3C48F730-5123-4461-895C-2D74AC0D2801}
		{756A206B-9BB2-4454-BFCE-FC874DDD1436} = {519F24CA-432C-48C9-8A5C-6957479FEC31}
		{248F906B-FE62-489D-A7F6-5FB89D8CCDB4} = {519F24CA-432C-48C9-8A5C-6957479FEC31}
		{BF1FAE9F-F178-42F7-9342-3720F5E653DF} = {3C48F730-5123-4461-895C-2D74AC0D2801}
		{8594D18D-46BE-4930-8D02-AF4E8F81D335} = {BF1FAE9F-F178-42F7-9342-3720F5E653DF}
		{3AF30657-4E30-42F9-BBF0-F830A9F6227F} = {BF1FAE9F-F178-42F7-9342-3720F5E653DF}
		{DE91E7E3-92AC-466A-83B7-58D101EC73E0} = {3C48F730-5123-4461-895C-2D74AC0D2801}
		{4DAA8E85-61C9-4008-8B97-020098AE9EB9} = {DE91E7E3-92AC-466A-83B7-58D101EC73E0}
		{5DC77C90-50B7-4B23-8E05-44FFD3143F5D} = {DE91E7E3-92AC-466A-83B7-58D101EC73E0}
		{13C674E1-6589-44F5-8E87-F4F326E574B0} = {3C48F730-5123-4461-895C-2D74AC0D2801}
		{9620E2D5-5F93-42FC-B52A-69A248541AE8} = {13C674E1-6589-44F5-8E87-F4F326E574B0}
		{CF544220-8CF7-4652-A73B-3926E8FE988E} = {9620E2D5-5F93-42FC-B52A-69A248541AE8}
		{BEE0BCDA-0614-401D-B012-A0E97B3E86FF} = {13C674E1-6589-44F5-8E87-F4F326E574B0}
		{A9B0DADC-3930-4740-AEA1-DAB24311B626} = {BEE0BCDA-0614-401D-B012-A0E97B3E86FF}
	EndGlobalSection
	GlobalSection(ExtensibilityGlobals) = postSolution
		SolutionGuid = {F8AB9BF2-B167-4E03-AE10-56C8939CBDEF}
	EndGlobalSection
EndGlobal
